
Microsoft Visual Studio Solution File, Format Version 12.00
# Visual Studio 2012
Project("{8BC9CEB8-8B4A-11D0-8D11-00A0C91BC942}") = "CocoaTop", "CocoaTop.vcxproj", "{C35DAE98-384C-4646-97A5-CF07312D9936}"
EndProject
Global
	GlobalSection(SolutionConfigurationPlatforms) = preSolution
		iOS7|Win32 = iOS7|Win32
	EndGlobalSection
	GlobalSection(ProjectConfigurationPlatforms) = postSolution
		{C35DAE98-384C-4646-97A5-CF07312D9936}.iOS7|Win32.ActiveCfg = iOS7|Win32
		{C35DAE98-384C-4646-97A5-CF07312D9936}.iOS7|Win32.Build.0 = iOS7|Win32
	EndGlobalSection
	GlobalSection(SolutionProperties) = preSolution
		HideSolutionNode = FALSE
	EndGlobalSection
EndGlobal
